
Microsoft Visual Studio Solution File, Format Version 12.00
# Visual Studio Version 16
VisualStudioVersion = 16.0.30011.22
MinimumVisualStudioVersion = 10.0.40219.1
Project("{FAE04EC0-301F-11D3-BF4B-00C04F79EFBC}") = "Entrega3", "Entrega3\Entrega3.csproj", "{AED386E5-FCFF-4C42-B84A-397E0F4C1E5D}"
EndProject
Global
	GlobalSection(SolutionConfigurationPlatforms) = preSolution
		Debug|Any CPU = Debug|Any CPU
		Release|Any CPU = Release|Any CPU
	EndGlobalSection
	GlobalSection(ProjectConfigurationPlatforms) = postSolution
		{AED386E5-FCFF-4C42-B84A-397E0F4C1E5D}.Debug|Any CPU.ActiveCfg = Debug|Any CPU
		{AED386E5-FCFF-4C42-B84A-397E0F4C1E5D}.Debug|Any CPU.Build.0 = Debug|Any CPU
		{AED386E5-FCFF-4C42-B84A-397E0F4C1E5D}.Release|Any CPU.ActiveCfg = Release|Any CPU
		{AED386E5-FCFF-4C42-B84A-397E0F4C1E5D}.Release|Any CPU.Build.0 = Release|Any CPU
	EndGlobalSection
	GlobalSection(SolutionProperties) = preSolution
		HideSolutionNode = FALSE
	EndGlobalSection
	GlobalSection(ExtensibilityGlobals) = postSolution
		SolutionGuid = {6289C8ED-693A-422D-B087-C98B58FA43D0}
	EndGlobalSection
EndGlobal
